
Microsoft Visual Studio Solution File, Format Version 12.00
# Visual Studio Version 16
VisualStudioVersion = 16.0.30907.101
MinimumVisualStudioVersion = 10.0.40219.1
Project("{FAE04EC0-301F-11D3-BF4B-00C04F79EFBC}") = "MyPhotoSpace", "MyPhotoSpace.csproj", "{2E3A47EA-9F75-4882-A3F9-648A93C94603}"
EndProject
Global
	GlobalSection(SolutionConfigurationPlatforms) = preSolution
		Debug|Any CPU = Debug|Any CPU
		Release|Any CPU = Release|Any CPU
	EndGlobalSection
	GlobalSection(ProjectConfigurationPlatforms) = postSolution
		{2E3A47EA-9F75-4882-A3F9-648A93C94603}.Debug|Any CPU.ActiveCfg = Debug|Any CPU
		{2E3A47EA-9F75-4882-A3F9-648A93C94603}.Debug|Any CPU.Build.0 = Debug|Any CPU
		{2E3A47EA-9F75-4882-A3F9-648A93C94603}.Release|Any CPU.ActiveCfg = Release|Any CPU
		{2E3A47EA-9F75-4882-A3F9-648A93C94603}.Release|Any CPU.Build.0 = Release|Any CPU
	EndGlobalSection
	GlobalSection(SolutionProperties) = preSolution
		HideSolutionNode = FALSE
	EndGlobalSection
	GlobalSection(ExtensibilityGlobals) = postSolution
		SolutionGuid = {7329AE37-EFB0-4E15-8BF9-178F1D9E8532}
	EndGlobalSection
EndGlobal
